// !$*UTF8*$!
{
	archiveVersion = 1;
	classes = {
	};
	objectVersion = 50;
	objects = {

/* Begin PBXBuildFile section */
		812FDA1A23E0E6DE000EB0F7 /* AppDelegate.swift in Sources */ = {isa = PBXBuildFile; fileRef = 812FDA1923E0E6DE000EB0F7 /* AppDelegate.swift */; };
		812FDA2323E0E6E2000EB0F7 /* Assets.xcassets in Resources */ = {isa = PBXBuildFile; fileRef = 812FDA2223E0E6E2000EB0F7 /* Assets.xcassets */; };
		812FDA2623E0E6E2000EB0F7 /* LaunchScreen.storyboard in Resources */ = {isa = PBXBuildFile; fileRef = 812FDA2423E0E6E2000EB0F7 /* LaunchScreen.storyboard */; };
		812FDA4023E0E76C000EB0F7 /* CardViewController.swift in Sources */ = {isa = PBXBuildFile; fileRef = 812FDA3A23E0E76C000EB0F7 /* CardViewController.swift */; };
		812FDA4123E0E76C000EB0F7 /* CardViewController.xib in Resources */ = {isa = PBXBuildFile; fileRef = 812FDA3B23E0E76C000EB0F7 /* CardViewController.xib */; };
		812FDA4223E0E76C000EB0F7 /* UIView+Snapshot.swift in Sources */ = {isa = PBXBuildFile; fileRef = 812FDA3C23E0E76C000EB0F7 /* UIView+Snapshot.swift */; };
		812FDA4323E0E76C000EB0F7 /* UIViewController+KeyWindow.swift in Sources */ = {isa = PBXBuildFile; fileRef = 812FDA3D23E0E76C000EB0F7 /* UIViewController+KeyWindow.swift */; };
		812FDA4423E0E76C000EB0F7 /* ChildViewController.swift in Sources */ = {isa = PBXBuildFile; fileRef = 812FDA3F23E0E76C000EB0F7 /* ChildViewController.swift */; };
		812FDA4623E0E78B000EB0F7 /* ViewController.swift in Sources */ = {isa = PBXBuildFile; fileRef = 812FDA4523E0E78A000EB0F7 /* ViewController.swift */; };
		812FDA4823E0E797000EB0F7 /* Main.storyboard in Resources */ = {isa = PBXBuildFile; fileRef = 812FDA4723E0E797000EB0F7 /* Main.storyboard */; };
/* End PBXBuildFile section */

/* Begin PBXFileReference section */
		812FDA1623E0E6DE000EB0F7 /* CardViewControllerDemo.app */ = {isa = PBXFileReference; explicitFileType = wrapper.application; includeInIndex = 0; path = CardViewControllerDemo.app; sourceTree = BUILT_PRODUCTS_DIR; };
		812FDA1923E0E6DE000EB0F7 /* AppDelegate.swift */ = {isa = PBXFileReference; lastKnownFileType = sourcecode.swift; path = AppDelegate.swift; sourceTree = "<group>"; };
		812FDA2223E0E6E2000EB0F7 /* Assets.xcassets */ = {isa = PBXFileReference; lastKnownFileType = folder.assetcatalog; path = Assets.xcassets; sourceTree = "<group>"; };
		812FDA2523E0E6E2000EB0F7 /* Base */ = {isa = PBXFileReference; lastKnownFileType = file.storyboard; name = Base; path = Base.lproj/LaunchScreen.storyboard; sourceTree = "<group>"; };
		812FDA2723E0E6E2000EB0F7 /* Info.plist */ = {isa = PBXFileReference; lastKnownFileType = text.plist.xml; path = Info.plist; sourceTree = "<group>"; };
		812FDA3A23E0E76C000EB0F7 /* CardViewController.swift */ = {isa = PBXFileReference; fileEncoding = 4; lastKnownFileType = sourcecode.swift; path = CardViewController.swift; sourceTree = "<group>"; };
		812FDA3B23E0E76C000EB0F7 /* CardViewController.xib */ = {isa = PBXFileReference; fileEncoding = 4; lastKnownFileType = file.xib; path = CardViewController.xib; sourceTree = "<group>"; };
		812FDA3C23E0E76C000EB0F7 /* UIView+Snapshot.swift */ = {isa = PBXFileReference; fileEncoding = 4; lastKnownFileType = sourcecode.swift; path = "UIView+Snapshot.swift"; sourceTree = "<group>"; };
		812FDA3D23E0E76C000EB0F7 /* UIViewController+KeyWindow.swift */ = {isa = PBXFileReference; fileEncoding = 4; lastKnownFileType = sourcecode.swift; path = "UIViewController+KeyWindow.swift"; sourceTree = "<group>"; };
		812FDA3F23E0E76C000EB0F7 /* ChildViewController.swift */ = {isa = PBXFileReference; fileEncoding = 4; lastKnownFileType = sourcecode.swift; path = ChildViewController.swift; sourceTree = "<group>"; };
		812FDA4523E0E78A000EB0F7 /* ViewController.swift */ = {isa = PBXFileReference; fileEncoding = 4; lastKnownFileType = sourcecode.swift; path = ViewController.swift; sourceTree = "<group>"; };
		812FDA4723E0E797000EB0F7 /* Main.storyboard */ = {isa = PBXFileReference; fileEncoding = 4; lastKnownFileType = file.storyboard; name = Main.storyboard; path = Base.lproj/Main.storyboard; sourceTree = "<group>"; };
/* End PBXFileReference section */

/* Begin PBXFrameworksBuildPhase section */
		812FDA1323E0E6DE000EB0F7 /* Frameworks */ = {
			isa = PBXFrameworksBuildPhase;
			buildActionMask = 2147483647;
			files = (
			);
			runOnlyForDeploymentPostprocessing = 0;
		};
/* End PBXFrameworksBuildPhase section */

/* Begin PBXGroup section */
		812FDA0D23E0E6DE000EB0F7 = {
			isa = PBXGroup;
			children = (
				812FDA1823E0E6DE000EB0F7 /* CardViewControllerDemo */,
				812FDA1723E0E6DE000EB0F7 /* Products */,
			);
			sourceTree = "<group>";
		};
		812FDA1723E0E6DE000EB0F7 /* Products */ = {
			isa = PBXGroup;
			children = (
				812FDA1623E0E6DE000EB0F7 /* CardViewControllerDemo.app */,
			);
			name = Products;
			sourceTree = "<group>";
		};
		812FDA1823E0E6DE000EB0F7 /* CardViewControllerDemo */ = {
			isa = PBXGroup;
			children = (
				812FDA3923E0E76C000EB0F7 /* CardViewController */,
				812FDA3E23E0E76C000EB0F7 /* ChildViewController */,
				812FDA1923E0E6DE000EB0F7 /* AppDelegate.swift */,
				812FDA4523E0E78A000EB0F7 /* ViewController.swift */,
				812FDA2223E0E6E2000EB0F7 /* Assets.xcassets */,
				812FDA4723E0E797000EB0F7 /* Main.storyboard */,
				812FDA2423E0E6E2000EB0F7 /* LaunchScreen.storyboard */,
				812FDA2723E0E6E2000EB0F7 /* Info.plist */,
			);
			path = CardViewControllerDemo;
			sourceTree = "<group>";
		};
		812FDA3923E0E76C000EB0F7 /* CardViewController */ = {
			isa = PBXGroup;
			children = (
				812FDA3A23E0E76C000EB0F7 /* CardViewController.swift */,
				812FDA3B23E0E76C000EB0F7 /* CardViewController.xib */,
				812FDA3C23E0E76C000EB0F7 /* UIView+Snapshot.swift */,
				812FDA3D23E0E76C000EB0F7 /* UIViewController+KeyWindow.swift */,
			);
			path = CardViewController;
			sourceTree = "<group>";
		};
		812FDA3E23E0E76C000EB0F7 /* ChildViewController */ = {
			isa = PBXGroup;
			children = (
				812FDA3F23E0E76C000EB0F7 /* ChildViewController.swift */,
			);
			path = ChildViewController;
			sourceTree = "<group>";
		};
/* End PBXGroup section */

/* Begin PBXNativeTarget section */
		812FDA1523E0E6DE000EB0F7 /* CardViewControllerDemo */ = {
			isa = PBXNativeTarget;
			buildConfigurationList = 812FDA2A23E0E6E2000EB0F7 /* Build configuration list for PBXNativeTarget "CardViewControllerDemo" */;
			buildPhases = (
				812FDA1223E0E6DE000EB0F7 /* Sources */,
				812FDA1323E0E6DE000EB0F7 /* Frameworks */,
				812FDA1423E0E6DE000EB0F7 /* Resources */,
			);
			buildRules = (
			);
			dependencies = (
			);
			name = CardViewControllerDemo;
			productName = CardViewControllerDemo;
			productReference = 812FDA1623E0E6DE000EB0F7 /* CardViewControllerDemo.app */;
			productType = "com.apple.product-type.application";
		};
/* End PBXNativeTarget section */

/* Begin PBXProject section */
		812FDA0E23E0E6DE000EB0F7 /* Project object */ = {
			isa = PBXProject;
			attributes = {
				LastSwiftUpdateCheck = 1130;
				LastUpgradeCheck = 1130;
				ORGANIZATIONNAME = "Ahmed M. Hassan";
				TargetAttributes = {
					812FDA1523E0E6DE000EB0F7 = {
						CreatedOnToolsVersion = 11.3;
					};
				};
			};
			buildConfigurationList = 812FDA1123E0E6DE000EB0F7 /* Build configuration list for PBXProject "CardViewControllerDemo" */;
			compatibilityVersion = "Xcode 9.3";
			developmentRegion = en;
			hasScannedForEncodings = 0;
			knownRegions = (
				en,
				Base,
			);
			mainGroup = 812FDA0D23E0E6DE000EB0F7;
			productRefGroup = 812FDA1723E0E6DE000EB0F7 /* Products */;
			projectDirPath = "";
			projectRoot = "";
			targets = (
				812FDA1523E0E6DE000EB0F7 /* CardViewControllerDemo */,
			);
		};
/* End PBXProject section */

/* Begin PBXResourcesBuildPhase section */
		812FDA1423E0E6DE000EB0F7 /* Resources */ = {
			isa = PBXResourcesBuildPhase;
			buildActionMask = 2147483647;
			files = (
				812FDA4123E0E76C000EB0F7 /* CardViewController.xib in Resources */,
				812FDA2623E0E6E2000EB0F7 /* LaunchScreen.storyboard in Resources */,
				812FDA2323E0E6E2000EB0F7 /* Assets.xcassets in Resources */,
				812FDA4823E0E797000EB0F7 /* Main.storyboard in Resources */,
			);
			runOnlyForDeploymentPostprocessing = 0;
		};
/* End PBXResourcesBuildPhase section */

/* Begin PBXSourcesBuildPhase section */
		812FDA1223E0E6DE000EB0F7 /* Sources */ = {
			isa = PBXSourcesBuildPhase;
			buildActionMask = 2147483647;
			files = (
				812FDA4623E0E78B000EB0F7 /* ViewController.swift in Sources */,
				812FDA4323E0E76C000EB0F7 /* UIViewController+KeyWindow.swift in Sources */,
				812FDA4223E0E76C000EB0F7 /* UIView+Snapshot.swift in Sources */,
				812FDA1A23E0E6DE000EB0F7 /* AppDelegate.swift in Sources */,
				812FDA4023E0E76C000EB0F7 /* CardViewController.swift in Sources */,
				812FDA4423E0E76C000EB0F7 /* ChildViewController.swift in Sources */,
			);
			runOnlyForDeploymentPostprocessing = 0;
		};
/* End PBXSourcesBuildPhase section */

/* Begin PBXVariantGroup section */
		812FDA2423E0E6E2000EB0F7 /* LaunchScreen.storyboard */ = {
			isa = PBXVariantGroup;
			children = (
				812FDA2523E0E6E2000EB0F7 /* Base */,
			);
			name = LaunchScreen.storyboard;
			sourceTree = "<group>";
		};
/* End PBXVariantGroup section */

/* Begin XCBuildConfiguration section */
		812FDA2823E0E6E2000EB0F7 /* Debug */ = {
			isa = XCBuildConfiguration;
			buildSettings = {
				ALWAYS_SEARCH_USER_PATHS = NO;
				CLANG_ANALYZER_NONNULL = YES;
				CLANG_ANALYZER_NUMBER_OBJECT_CONVERSION = YES_AGGRESSIVE;
				CLANG_CXX_LANGUAGE_STANDARD = "gnu++14";
				CLANG_CXX_LIBRARY = "libc++";
				CLANG_ENABLE_MODULES = YES;
				CLANG_ENABLE_OBJC_ARC = YES;
				CLANG_ENABLE_OBJC_WEAK = YES;
				CLANG_WARN_BLOCK_CAPTURE_AUTORELEASING = YES;
				CLANG_WARN_BOOL_CONVERSION = YES;
				CLANG_WARN_COMMA = YES;
				CLANG_WARN_CONSTANT_CONVERSION = YES;
				CLANG_WARN_DEPRECATED_OBJC_IMPLEMENTATIONS = YES;
				CLANG_WARN_DIRECT_OBJC_ISA_USAGE = YES_ERROR;
				CLANG_WARN_DOCUMENTATION_COMMENTS = YES;
				CLANG_WARN_EMPTY_BODY = YES;
				CLANG_WARN_ENUM_CONVERSION = YES;
				CLANG_WARN_INFINITE_RECURSION = YES;
				CLANG_WARN_INT_CONVERSION = YES;
				CLANG_WARN_NON_LITERAL_NULL_CONVERSION = YES;
				CLANG_WARN_OBJC_IMPLICIT_RETAIN_SELF = YES;
				CLANG_WARN_OBJC_LITERAL_CONVERSION = YES;
				CLANG_WARN_OBJC_ROOT_CLASS = YES_ERROR;
				CLANG_WARN_RANGE_LOOP_ANALYSIS = YES;
				CLANG_WARN_STRICT_PROTOTYPES = YES;
				CLANG_WARN_SUSPICIOUS_MOVE = YES;
				CLANG_WARN_UNGUARDED_AVAILABILITY = YES_AGGRESSIVE;
				CLANG_WARN_UNREACHABLE_CODE = YES;
				CLANG_WARN__DUPLICATE_METHOD_MATCH = YES;
				COPY_PHASE_STRIP = NO;
				DEBUG_INFORMATION_FORMAT = dwarf;
				ENABLE_STRICT_OBJC_MSGSEND = YES;
				ENABLE_TESTABILITY = YES;
				GCC_C_LANGUAGE_STANDARD = gnu11;
				GCC_DYNAMIC_NO_PIC = NO;
				GCC_NO_COMMON_BLOCKS = YES;
				GCC_OPTIMIZATION_LEVEL = 0;
				GCC_PREPROCESSOR_DEFINITIONS = (
					"DEBUG=1",
					"$(inherited)",
				);
				GCC_WARN_64_TO_32_BIT_CONVERSION = YES;
				GCC_WARN_ABOUT_RETURN_TYPE = YES_ERROR;
				GCC_WARN_UNDECLARED_SELECTOR = YES;
				GCC_WARN_UNINITIALIZED_AUTOS = YES_AGGRESSIVE;
				GCC_WARN_UNUSED_FUNCTION = YES;
				GCC_WARN_UNUSED_VARIABLE = YES;
				IPHONEOS_DEPLOYMENT_TARGET = 13.2;
				MTL_ENABLE_DEBUG_INFO = INCLUDE_SOURCE;
				MTL_FAST_MATH = YES;
				ONLY_ACTIVE_ARCH = YES;
				SDKROOT = iphoneos;
				SWIFT_ACTIVE_COMPILATION_CONDITIONS = DEBUG;
				SWIFT_OPTIMIZATION_LEVEL = "-Onone";
			};
			name = Debug;
		};
		812FDA2923E0E6E2000EB0F7 /* Release */ = {
			isa = XCBuildConfiguration;
			buildSettings = {
				ALWAYS_SEARCH_USER_PATHS = NO;
				CLANG_ANALYZER_NONNULL = YES;
				CLANG_ANALYZER_NUMBER_OBJECT_CONVERSION = YES_AGGRESSIVE;
				CLANG_CXX_LANGUAGE_STANDARD = "gnu++14";
				CLANG_CXX_LIBRARY = "libc++";
				CLANG_ENABLE_MODULES = YES;
				CLANG_ENABLE_OBJC_ARC = YES;
				CLANG_ENABLE_OBJC_WEAK = YES;
				CLANG_WARN_BLOCK_CAPTURE_AUTORELEASING = YES;
				CLANG_WARN_BOOL_CONVERSION = YES;
				CLANG_WARN_COMMA = YES;
				CLANG_WARN_CONSTANT_CONVERSION = YES;
				CLANG_WARN_DEPRECATED_OBJC_IMPLEMENTATIONS = YES;
				CLANG_WARN_DIRECT_OBJC_ISA_USAGE = YES_ERROR;
				CLANG_WARN_DOCUMENTATION_COMMENTS = YES;
				CLANG_WARN_EMPTY_BODY = YES;
				CLANG_WARN_ENUM_CONVERSION = YES;
				CLANG_WARN_INFINITE_RECURSION = YES;
				CLANG_WARN_INT_CONVERSION = YES;
				CLANG_WARN_NON_LITERAL_NULL_CONVERSION = YES;
				CLANG_WARN_OBJC_IMPLICIT_RETAIN_SELF = YES;
				CLANG_WARN_OBJC_LITERAL_CONVERSION = YES;
				CLANG_WARN_OBJC_ROOT_CLASS = YES_ERROR;
				CLANG_WARN_RANGE_LOOP_ANALYSIS = YES;
				CLANG_WARN_STRICT_PROTOTYPES = YES;
				CLANG_WARN_SUSPICIOUS_MOVE = YES;
				CLANG_WARN_UNGUARDED_AVAILABILITY = YES_AGGRESSIVE;
				CLANG_WARN_UNREACHABLE_CODE = YES;
				CLANG_WARN__DUPLICATE_METHOD_MATCH = YES;
				COPY_PHASE_STRIP = NO;
				DEBUG_INFORMATION_FORMAT = "dwarf-with-dsym";
				ENABLE_NS_ASSERTIONS = NO;
				ENABLE_STRICT_OBJC_MSGSEND = YES;
				GCC_C_LANGUAGE_STANDARD = gnu11;
				GCC_NO_COMMON_BLOCKS = YES;
				GCC_WARN_64_TO_32_BIT_CONVERSION = YES;
				GCC_WARN_ABOUT_RETURN_TYPE = YES_ERROR;
				GCC_WARN_UNDECLARED_SELECTOR = YES;
				GCC_WARN_UNINITIALIZED_AUTOS = YES_AGGRESSIVE;
				GCC_WARN_UNUSED_FUNCTION = YES;
				GCC_WARN_UNUSED_VARIABLE = YES;
				IPHONEOS_DEPLOYMENT_TARGET = 13.2;
				MTL_ENABLE_DEBUG_INFO = NO;
				MTL_FAST_MATH = YES;
				SDKROOT = iphoneos;
				SWIFT_COMPILATION_MODE = wholemodule;
				SWIFT_OPTIMIZATION_LEVEL = "-O";
				VALIDATE_PRODUCT = YES;
			};
			name = Release;
		};
		812FDA2B23E0E6E2000EB0F7 /* Debug */ = {
			isa = XCBuildConfiguration;
			buildSettings = {
				ASSETCATALOG_COMPILER_APPICON_NAME = AppIcon;
				CODE_SIGN_STYLE = Automatic;
				DEVELOPMENT_TEAM = JUUZV79G5F;
				INFOPLIST_FILE = CardViewControllerDemo/Info.plist;
				IPHONEOS_DEPLOYMENT_TARGET = 11.0;
				LD_RUNPATH_SEARCH_PATHS = (
					"$(inherited)",
					"@executable_path/Frameworks",
				);
				PRODUCT_BUNDLE_IDENTIFIER = eg.com.iti.CardViewControllerDemo;
				PRODUCT_NAME = "$(TARGET_NAME)";
				SWIFT_VERSION = 5.0;
				TARGETED_DEVICE_FAMILY = "1,2";
			};
			name = Debug;
		};
		812FDA2C23E0E6E2000EB0F7 /* Release */ = {
			isa = XCBuildConfiguration;
			buildSettings = {
				ASSETCATALOG_COMPILER_APPICON_NAME = AppIcon;
				CODE_SIGN_STYLE = Automatic;
				DEVELOPMENT_TEAM = JUUZV79G5F;
				INFOPLIST_FILE = CardViewControllerDemo/Info.plist;
				IPHONEOS_DEPLOYMENT_TARGET = 11.0;
				LD_RUNPATH_SEARCH_PATHS = (
					"$(inherited)",
					"@executable_path/Frameworks",
				);
				PRODUCT_BUNDLE_IDENTIFIER = eg.com.iti.CardViewControllerDemo;
				PRODUCT_NAME = "$(TARGET_NAME)";
				SWIFT_VERSION = 5.0;
				TARGETED_DEVICE_FAMILY = "1,2";
			};
			name = Release;
		};
/* End XCBuildConfiguration section */

/* Begin XCConfigurationList section */
		812FDA1123E0E6DE000EB0F7 /* Build configuration list for PBXProject "CardViewControllerDemo" */ = {
			isa = XCConfigurationList;
			buildConfigurations = (
				812FDA2823E0E6E2000EB0F7 /* Debug */,
				812FDA2923E0E6E2000EB0F7 /* Release */,
			);
			defaultConfigurationIsVisible = 0;
			defaultConfigurationName = Release;
		};
		812FDA2A23E0E6E2000EB0F7 /* Build configuration list for PBXNativeTarget "CardViewControllerDemo" */ = {
			isa = XCConfigurationList;
			buildConfigurations = (
				812FDA2B23E0E6E2000EB0F7 /* Debug */,
				812FDA2C23E0E6E2000EB0F7 /* Release */,
			);
			defaultConfigurationIsVisible = 0;
			defaultConfigurationName = Release;
		};
/* End XCConfigurationList section */
	};
	rootObject = 812FDA0E23E0E6DE000EB0F7 /* Project object */;
}
